// !$*UTF8*$!
{
	archiveVersion = 1;
	classes = {
	};
	objectVersion = 46;
	objects = {

/* Begin PBXBuildFile section */
		BF9AD10D1E31B70100900571 /* AppDelegate.swift in Sources */ = {isa = PBXBuildFile; fileRef = BF9AD10C1E31B70100900571 /* AppDelegate.swift */; };
		BF9AD1141E31B70100900571 /* Assets.xcassets in Resources */ = {isa = PBXBuildFile; fileRef = BF9AD1131E31B70100900571 /* Assets.xcassets */; };
		BF9AD1171E31B70100900571 /* LaunchScreen.storyboard in Resources */ = {isa = PBXBuildFile; fileRef = BF9AD1151E31B70100900571 /* LaunchScreen.storyboard */; };
		BF9AD11F1E31B86A00900571 /* ColorCell.swift in Sources */ = {isa = PBXBuildFile; fileRef = BF9AD11E1E31B86A00900571 /* ColorCell.swift */; };
		BF9AD1231E31B87E00900571 /* gouhetuzi.jpg in Resources */ = {isa = PBXBuildFile; fileRef = BF9AD1201E31B87E00900571 /* gouhetuzi.jpg */; };
		BF9AD1241E31B87E00900571 /* ImageData.swift in Sources */ = {isa = PBXBuildFile; fileRef = BF9AD1211E31B87E00900571 /* ImageData.swift */; };
		BF9AD1251E31B87E00900571 /* ViewController.swift in Sources */ = {isa = PBXBuildFile; fileRef = BF9AD1221E31B87E00900571 /* ViewController.swift */; };
		BF9AD1281E31B88900900571 /* Main.storyboard in Resources */ = {isa = PBXBuildFile; fileRef = BF9AD1261E31B88900900571 /* Main.storyboard */; };
/* End PBXBuildFile section */

/* Begin PBXFileReference section */
		BF9AD1091E31B70000900571 /* FillColorToImage.app */ = {isa = PBXFileReference; explicitFileType = wrapper.application; includeInIndex = 0; path = FillColorToImage.app; sourceTree = BUILT_PRODUCTS_DIR; };
		BF9AD10C1E31B70100900571 /* AppDelegate.swift */ = {isa = PBXFileReference; lastKnownFileType = sourcecode.swift; path = AppDelegate.swift; sourceTree = "<group>"; };
		BF9AD1131E31B70100900571 /* Assets.xcassets */ = {isa = PBXFileReference; lastKnownFileType = folder.assetcatalog; path = Assets.xcassets; sourceTree = "<group>"; };
		BF9AD1161E31B70100900571 /* Base */ = {isa = PBXFileReference; lastKnownFileType = file.storyboard; name = Base; path = Base.lproj/LaunchScreen.storyboard; sourceTree = "<group>"; };
		BF9AD1181E31B70100900571 /* Info.plist */ = {isa = PBXFileReference; lastKnownFileType = text.plist.xml; path = Info.plist; sourceTree = "<group>"; };
		BF9AD11E1E31B86A00900571 /* ColorCell.swift */ = {isa = PBXFileReference; fileEncoding = 4; lastKnownFileType = sourcecode.swift; path = ColorCell.swift; sourceTree = "<group>"; };
		BF9AD1201E31B87E00900571 /* gouhetuzi.jpg */ = {isa = PBXFileReference; lastKnownFileType = image.jpeg; path = gouhetuzi.jpg; sourceTree = "<group>"; };
		BF9AD1211E31B87E00900571 /* ImageData.swift */ = {isa = PBXFileReference; fileEncoding = 4; lastKnownFileType = sourcecode.swift; path = ImageData.swift; sourceTree = "<group>"; };
		BF9AD1221E31B87E00900571 /* ViewController.swift */ = {isa = PBXFileReference; fileEncoding = 4; lastKnownFileType = sourcecode.swift; path = ViewController.swift; sourceTree = "<group>"; };
		BF9AD1271E31B88900900571 /* Base */ = {isa = PBXFileReference; lastKnownFileType = file.storyboard; name = Base; path = Base.lproj/Main.storyboard; sourceTree = "<group>"; };
/* End PBXFileReference section */

/* Begin PBXFrameworksBuildPhase section */
		BF9AD1061E31B70000900571 /* Frameworks */ = {
			isa = PBXFrameworksBuildPhase;
			buildActionMask = 2147483647;
			files = (
			);
			runOnlyForDeploymentPostprocessing = 0;
		};
/* End PBXFrameworksBuildPhase section */

/* Begin PBXGroup section */
		BF9AD1001E31B70000900571 = {
			isa = PBXGroup;
			children = (
				BF9AD10B1E31B70000900571 /* FillColorToImage */,
				BF9AD10A1E31B70000900571 /* Products */,
			);
			sourceTree = "<group>";
		};
		BF9AD10A1E31B70000900571 /* Products */ = {
			isa = PBXGroup;
			children = (
				BF9AD1091E31B70000900571 /* FillColorToImage.app */,
			);
			name = Products;
			sourceTree = "<group>";
		};
		BF9AD10B1E31B70000900571 /* FillColorToImage */ = {
			isa = PBXGroup;
			children = (
				BF9AD10C1E31B70100900571 /* AppDelegate.swift */,
				BF9AD1201E31B87E00900571 /* gouhetuzi.jpg */,
				BF9AD1211E31B87E00900571 /* ImageData.swift */,
				BF9AD11E1E31B86A00900571 /* ColorCell.swift */,
				BF9AD1221E31B87E00900571 /* ViewController.swift */,
				BF9AD1131E31B70100900571 /* Assets.xcassets */,
				BF9AD1151E31B70100900571 /* LaunchScreen.storyboard */,
				BF9AD1261E31B88900900571 /* Main.storyboard */,
				BF9AD1181E31B70100900571 /* Info.plist */,
			);
			path = FillColorToImage;
			sourceTree = "<group>";
		};
/* End PBXGroup section */

/* Begin PBXNativeTarget section */
		BF9AD1081E31B70000900571 /* FillColorToImage */ = {
			isa = PBXNativeTarget;
			buildConfigurationList = BF9AD11B1E31B70100900571 /* Build configuration list for PBXNativeTarget "FillColorToImage" */;
			buildPhases = (
				BF9AD1051E31B70000900571 /* Sources */,
				BF9AD1061E31B70000900571 /* Frameworks */,
				BF9AD1071E31B70000900571 /* Resources */,
			);
			buildRules = (
			);
			dependencies = (
			);
			name = FillColorToImage;
			productName = FillColorToImage;
			productReference = BF9AD1091E31B70000900571 /* FillColorToImage.app */;
			productType = "com.apple.product-type.application";
		};
/* End PBXNativeTarget section */

/* Begin PBXProject section */
		BF9AD1011E31B70000900571 /* Project object */ = {
			isa = PBXProject;
			attributes = {
				LastSwiftUpdateCheck = 0810;
				LastUpgradeCheck = 0810;
				ORGANIZATIONNAME = chenxuechen;
				TargetAttributes = {
					BF9AD1081E31B70000900571 = {
						CreatedOnToolsVersion = 8.1;
						DevelopmentTeam = LTRLB77UV6;
						ProvisioningStyle = Automatic;
					};
				};
			};
			buildConfigurationList = BF9AD1041E31B70000900571 /* Build configuration list for PBXProject "FillColorToImage" */;
			compatibilityVersion = "Xcode 3.2";
			developmentRegion = English;
			hasScannedForEncodings = 0;
			knownRegions = (
				en,
				Base,
			);
			mainGroup = BF9AD1001E31B70000900571;
			productRefGroup = BF9AD10A1E31B70000900571 /* Products */;
			projectDirPath = "";
			projectRoot = "";
			targets = (
				BF9AD1081E31B70000900571 /* FillColorToImage */,
			);
		};
/* End PBXProject section */

/* Begin PBXResourcesBuildPhase section */
		BF9AD1071E31B70000900571 /* Resources */ = {
			isa = PBXResourcesBuildPhase;
			buildActionMask = 2147483647;
			files = (
				BF9AD1171E31B70100900571 /* LaunchScreen.storyboard in Resources */,
				BF9AD1141E31B70100900571 /* Assets.xcassets in Resources */,
				BF9AD1231E31B87E00900571 /* gouhetuzi.jpg in Resources */,
				BF9AD1281E31B88900900571 /* Main.storyboard in Resources */,
			);
			runOnlyForDeploymentPostprocessing = 0;
		};
/* End PBXResourcesBuildPhase section */

/* Begin PBXSourcesBuildPhase section */
		BF9AD1051E31B70000900571 /* Sources */ = {
			isa = PBXSourcesBuildPhase;
			buildActionMask = 2147483647;
			files = (
				BF9AD10D1E31B70100900571 /* AppDelegate.swift in Sources */,
				BF9AD11F1E31B86A00900571 /* ColorCell.swift in Sources */,
				BF9AD1251E31B87E00900571 /* ViewController.swift in Sources */,
				BF9AD1241E31B87E00900571 /* ImageData.swift in Sources */,
			);
			runOnlyForDeploymentPostprocessing = 0;
		};
/* End PBXSourcesBuildPhase section */

/* Begin PBXVariantGroup section */
		BF9AD1151E31B70100900571 /* LaunchScreen.storyboard */ = {
			isa = PBXVariantGroup;
			children = (
				BF9AD1161E31B70100900571 /* Base */,
			);
			name = LaunchScreen.storyboard;
			sourceTree = "<group>";
		};
		BF9AD1261E31B88900900571 /* Main.storyboard */ = {
			isa = PBXVariantGroup;
			children = (
				BF9AD1271E31B88900900571 /* Base */,
			);
			name = Main.storyboard;
			sourceTree = "<group>";
		};
/* End PBXVariantGroup section */

/* Begin XCBuildConfiguration section */
		BF9AD1191E31B70100900571 /* Debug */ = {
			isa = XCBuildConfiguration;
			buildSettings = {
				ALWAYS_SEARCH_USER_PATHS = NO;
				CLANG_ANALYZER_NONNULL = YES;
				CLANG_CXX_LANGUAGE_STANDARD = "gnu++0x";
				CLANG_CXX_LIBRARY = "libc++";
				CLANG_ENABLE_MODULES = YES;
				CLANG_ENABLE_OBJC_ARC = YES;
				CLANG_WARN_BOOL_CONVERSION = YES;
				CLANG_WARN_CONSTANT_CONVERSION = YES;
				CLANG_WARN_DIRECT_OBJC_ISA_USAGE = YES_ERROR;
				CLANG_WARN_DOCUMENTATION_COMMENTS = YES;
				CLANG_WARN_EMPTY_BODY = YES;
				CLANG_WARN_ENUM_CONVERSION = YES;
				CLANG_WARN_INFINITE_RECURSION = YES;
				CLANG_WARN_INT_CONVERSION = YES;
				CLANG_WARN_OBJC_ROOT_CLASS = YES_ERROR;
				CLANG_WARN_SUSPICIOUS_MOVES = YES;
				CLANG_WARN_UNREACHABLE_CODE = YES;
				CLANG_WARN__DUPLICATE_METHOD_MATCH = YES;
				"CODE_SIGN_IDENTITY[sdk=iphoneos*]" = "iPhone Developer";
				COPY_PHASE_STRIP = NO;
				DEBUG_INFORMATION_FORMAT = dwarf;
				ENABLE_STRICT_OBJC_MSGSEND = YES;
				ENABLE_TESTABILITY = YES;
				GCC_C_LANGUAGE_STANDARD = gnu99;
				GCC_DYNAMIC_NO_PIC = NO;
				GCC_NO_COMMON_BLOCKS = YES;
				GCC_OPTIMIZATION_LEVEL = 0;
				GCC_PREPROCESSOR_DEFINITIONS = (
					"DEBUG=1",
					"$(inherited)",
				);
				GCC_WARN_64_TO_32_BIT_CONVERSION = YES;
				GCC_WARN_ABOUT_RETURN_TYPE = YES_ERROR;
				GCC_WARN_UNDECLARED_SELECTOR = YES;
				GCC_WARN_UNINITIALIZED_AUTOS = YES_AGGRESSIVE;
				GCC_WARN_UNUSED_FUNCTION = YES;
				GCC_WARN_UNUSED_VARIABLE = YES;
				IPHONEOS_DEPLOYMENT_TARGET = 10.1;
				MTL_ENABLE_DEBUG_INFO = YES;
				ONLY_ACTIVE_ARCH = YES;
				SDKROOT = iphoneos;
				SWIFT_ACTIVE_COMPILATION_CONDITIONS = DEBUG;
				SWIFT_OPTIMIZATION_LEVEL = "-Onone";
				TARGETED_DEVICE_FAMILY = "1,2";
			};
			name = Debug;
		};
		BF9AD11A1E31B70100900571 /* Release */ = {
			isa = XCBuildConfiguration;
			buildSettings = {
				ALWAYS_SEARCH_USER_PATHS = NO;
				CLANG_ANALYZER_NONNULL = YES;
				CLANG_CXX_LANGUAGE_STANDARD = "gnu++0x";
				CLANG_CXX_LIBRARY = "libc++";
				CLANG_ENABLE_MODULES = YES;
				CLANG_ENABLE_OBJC_ARC = YES;
				CLANG_WARN_BOOL_CONVERSION = YES;
				CLANG_WARN_CONSTANT_CONVERSION = YES;
				CLANG_WARN_DIRECT_OBJC_ISA_USAGE = YES_ERROR;
				CLANG_WARN_DOCUMENTATION_COMMENTS = YES;
				CLANG_WARN_EMPTY_BODY = YES;
				CLANG_WARN_ENUM_CONVERSION = YES;
				CLANG_WARN_INFINITE_RECURSION = YES;
				CLANG_WARN_INT_CONVERSION = YES;
				CLANG_WARN_OBJC_ROOT_CLASS = YES_ERROR;
				CLANG_WARN_SUSPICIOUS_MOVES = YES;
				CLANG_WARN_UNREACHABLE_CODE = YES;
				CLANG_WARN__DUPLICATE_METHOD_MATCH = YES;
				"CODE_SIGN_IDENTITY[sdk=iphoneos*]" = "iPhone Developer";
				COPY_PHASE_STRIP = NO;
				DEBUG_INFORMATION_FORMAT = "dwarf-with-dsym";
				ENABLE_NS_ASSERTIONS = NO;
				ENABLE_STRICT_OBJC_MSGSEND = YES;
				GCC_C_LANGUAGE_STANDARD = gnu99;
				GCC_NO_COMMON_BLOCKS = YES;
				GCC_WARN_64_TO_32_BIT_CONVERSION = YES;
				GCC_WARN_ABOUT_RETURN_TYPE = YES_ERROR;
				GCC_WARN_UNDECLARED_SELECTOR = YES;
				GCC_WARN_UNINITIALIZED_AUTOS = YES_AGGRESSIVE;
				GCC_WARN_UNUSED_FUNCTION = YES;
				GCC_WARN_UNUSED_VARIABLE = YES;
				IPHONEOS_DEPLOYMENT_TARGET = 10.1;
				MTL_ENABLE_DEBUG_INFO = NO;
				SDKROOT = iphoneos;
				SWIFT_OPTIMIZATION_LEVEL = "-Owholemodule";
				TARGETED_DEVICE_FAMILY = "1,2";
				VALIDATE_PRODUCT = YES;
			};
			name = Release;
		};
		BF9AD11C1E31B70100900571 /* Debug */ = {
			isa = XCBuildConfiguration;
			buildSettings = {
				ASSETCATALOG_COMPILER_APPICON_NAME = AppIcon;
				DEVELOPMENT_TEAM = LTRLB77UV6;
				INFOPLIST_FILE = FillColorToImage/Info.plist;
				LD_RUNPATH_SEARCH_PATHS = "$(inherited) @executable_path/Frameworks";
				PRODUCT_BUNDLE_IDENTIFIER = CC.FillColorToImage;
				PRODUCT_NAME = "$(TARGET_NAME)";
				SWIFT_VERSION = 3.0;
			};
			name = Debug;
		};
		BF9AD11D1E31B70100900571 /* Release */ = {
			isa = XCBuildConfiguration;
			buildSettings = {
				ASSETCATALOG_COMPILER_APPICON_NAME = AppIcon;
				DEVELOPMENT_TEAM = LTRLB77UV6;
				INFOPLIST_FILE = FillColorToImage/Info.plist;
				LD_RUNPATH_SEARCH_PATHS = "$(inherited) @executable_path/Frameworks";
				PRODUCT_BUNDLE_IDENTIFIER = CC.FillColorToImage;
				PRODUCT_NAME = "$(TARGET_NAME)";
				SWIFT_VERSION = 3.0;
			};
			name = Release;
		};
/* End XCBuildConfiguration section */

/* Begin XCConfigurationList section */
		BF9AD1041E31B70000900571 /* Build configuration list for PBXProject "FillColorToImage" */ = {
			isa = XCConfigurationList;
			buildConfigurations = (
				BF9AD1191E31B70100900571 /* Debug */,
				BF9AD11A1E31B70100900571 /* Release */,
			);
			defaultConfigurationIsVisible = 0;
			defaultConfigurationName = Release;
		};
		BF9AD11B1E31B70100900571 /* Build configuration list for PBXNativeTarget "FillColorToImage" */ = {
			isa = XCConfigurationList;
			buildConfigurations = (
				BF9AD11C1E31B70100900571 /* Debug */,
				BF9AD11D1E31B70100900571 /* Release */,
			);
			defaultConfigurationIsVisible = 0;
			defaultConfigurationName = Release;
		};
/* End XCConfigurationList section */
	};
	rootObject = BF9AD1011E31B70000900571 /* Project object */;
}
